// !$*UTF8*$!
{
	archiveVersion = 1;
	classes = {
	};
	objectVersion = 50;
	objects = {

/* Begin PBXBuildFile section */
		FA5F5C10266A328B00D51CF3 /* ChangeColorButton.swift in Sources */ = {isa = PBXBuildFile; fileRef = FA5F5C0F266A328B00D51CF3 /* ChangeColorButton.swift */; };
		FABFD88C2666960D00E6D3EA /* TrafficLightsUIApp.swift in Sources */ = {isa = PBXBuildFile; fileRef = FABFD88B2666960D00E6D3EA /* TrafficLightsUIApp.swift */; };
		FABFD88E2666960D00E6D3EA /* ContentView.swift in Sources */ = {isa = PBXBuildFile; fileRef = FABFD88D2666960D00E6D3EA /* ContentView.swift */; };
		FABFD8902666960E00E6D3EA /* Assets.xcassets in Resources */ = {isa = PBXBuildFile; fileRef = FABFD88F2666960E00E6D3EA /* Assets.xcassets */; };
		FABFD8932666960E00E6D3EA /* Preview Assets.xcassets in Resources */ = {isa = PBXBuildFile; fileRef = FABFD8922666960E00E6D3EA /* Preview Assets.xcassets */; };
		FABFD89B2666977300E6D3EA /* ColorCircle.swift in Sources */ = {isa = PBXBuildFile; fileRef = FABFD89A2666977300E6D3EA /* ColorCircle.swift */; };
/* End PBXBuildFile section */

/* Begin PBXFileReference section */
		FA5F5C0F266A328B00D51CF3 /* ChangeColorButton.swift */ = {isa = PBXFileReference; lastKnownFileType = sourcecode.swift; path = ChangeColorButton.swift; sourceTree = "<group>"; };
		FABFD8882666960D00E6D3EA /* TrafficLightsUI.app */ = {isa = PBXFileReference; explicitFileType = wrapper.application; includeInIndex = 0; path = TrafficLightsUI.app; sourceTree = BUILT_PRODUCTS_DIR; };
		FABFD88B2666960D00E6D3EA /* TrafficLightsUIApp.swift */ = {isa = PBXFileReference; lastKnownFileType = sourcecode.swift; path = TrafficLightsUIApp.swift; sourceTree = "<group>"; };
		FABFD88D2666960D00E6D3EA /* ContentView.swift */ = {isa = PBXFileReference; lastKnownFileType = sourcecode.swift; path = ContentView.swift; sourceTree = "<group>"; };
		FABFD88F2666960E00E6D3EA /* Assets.xcassets */ = {isa = PBXFileReference; lastKnownFileType = folder.assetcatalog; path = Assets.xcassets; sourceTree = "<group>"; };
		FABFD8922666960E00E6D3EA /* Preview Assets.xcassets */ = {isa = PBXFileReference; lastKnownFileType = folder.assetcatalog; path = "Preview Assets.xcassets"; sourceTree = "<group>"; };
		FABFD8942666960E00E6D3EA /* Info.plist */ = {isa = PBXFileReference; lastKnownFileType = text.plist.xml; path = Info.plist; sourceTree = "<group>"; };
		FABFD89A2666977300E6D3EA /* ColorCircle.swift */ = {isa = PBXFileReference; lastKnownFileType = sourcecode.swift; path = ColorCircle.swift; sourceTree = "<group>"; };
/* End PBXFileReference section */

/* Begin PBXFrameworksBuildPhase section */
		FABFD8852666960D00E6D3EA /* Frameworks */ = {
			isa = PBXFrameworksBuildPhase;
			buildActionMask = 2147483647;
			files = (
			);
			runOnlyForDeploymentPostprocessing = 0;
		};
/* End PBXFrameworksBuildPhase section */

/* Begin PBXGroup section */
		FABFD87F2666960D00E6D3EA = {
			isa = PBXGroup;
			children = (
				FABFD88A2666960D00E6D3EA /* TrafficLightsUI */,
				FABFD8892666960D00E6D3EA /* Products */,
			);
			sourceTree = "<group>";
		};
		FABFD8892666960D00E6D3EA /* Products */ = {
			isa = PBXGroup;
			children = (
				FABFD8882666960D00E6D3EA /* TrafficLightsUI.app */,
			);
			name = Products;
			sourceTree = "<group>";
		};
		FABFD88A2666960D00E6D3EA /* TrafficLightsUI */ = {
			isa = PBXGroup;
			children = (
				FABFD88B2666960D00E6D3EA /* TrafficLightsUIApp.swift */,
				FABFD88D2666960D00E6D3EA /* ContentView.swift */,
				FA5F5C0F266A328B00D51CF3 /* ChangeColorButton.swift */,
				FABFD89A2666977300E6D3EA /* ColorCircle.swift */,
				FABFD88F2666960E00E6D3EA /* Assets.xcassets */,
				FABFD8942666960E00E6D3EA /* Info.plist */,
				FABFD8912666960E00E6D3EA /* Preview Content */,
			);
			path = TrafficLightsUI;
			sourceTree = "<group>";
		};
		FABFD8912666960E00E6D3EA /* Preview Content */ = {
			isa = PBXGroup;
			children = (
				FABFD8922666960E00E6D3EA /* Preview Assets.xcassets */,
			);
			path = "Preview Content";
			sourceTree = "<group>";
		};
/* End PBXGroup section */

/* Begin PBXNativeTarget section */
		FABFD8872666960D00E6D3EA /* TrafficLightsUI */ = {
			isa = PBXNativeTarget;
			buildConfigurationList = FABFD8972666960E00E6D3EA /* Build configuration list for PBXNativeTarget "TrafficLightsUI" */;
			buildPhases = (
				FABFD8842666960D00E6D3EA /* Sources */,
				FABFD8852666960D00E6D3EA /* Frameworks */,
				FABFD8862666960D00E6D3EA /* Resources */,
			);
			buildRules = (
			);
			dependencies = (
			);
			name = TrafficLightsUI;
			productName = TrafficLightsUI;
			productReference = FABFD8882666960D00E6D3EA /* TrafficLightsUI.app */;
			productType = "com.apple.product-type.application";
		};
/* End PBXNativeTarget section */

/* Begin PBXProject section */
		FABFD8802666960D00E6D3EA /* Project object */ = {
			isa = PBXProject;
			attributes = {
				LastSwiftUpdateCheck = 1250;
				LastUpgradeCheck = 1250;
				TargetAttributes = {
					FABFD8872666960D00E6D3EA = {
						CreatedOnToolsVersion = 12.5;
					};
				};
			};
			buildConfigurationList = FABFD8832666960D00E6D3EA /* Build configuration list for PBXProject "TrafficLightsUI" */;
			compatibilityVersion = "Xcode 9.3";
			developmentRegion = en;
			hasScannedForEncodings = 0;
			knownRegions = (
				en,
				Base,
			);
			mainGroup = FABFD87F2666960D00E6D3EA;
			productRefGroup = FABFD8892666960D00E6D3EA /* Products */;
			projectDirPath = "";
			projectRoot = "";
			targets = (
				FABFD8872666960D00E6D3EA /* TrafficLightsUI */,
			);
		};
/* End PBXProject section */

/* Begin PBXResourcesBuildPhase section */
		FABFD8862666960D00E6D3EA /* Resources */ = {
			isa = PBXResourcesBuildPhase;
			buildActionMask = 2147483647;
			files = (
				FABFD8932666960E00E6D3EA /* Preview Assets.xcassets in Resources */,
				FABFD8902666960E00E6D3EA /* Assets.xcassets in Resources */,
			);
			runOnlyForDeploymentPostprocessing = 0;
		};
/* End PBXResourcesBuildPhase section */

/* Begin PBXSourcesBuildPhase section */
		FABFD8842666960D00E6D3EA /* Sources */ = {
			isa = PBXSourcesBuildPhase;
			buildActionMask = 2147483647;
			files = (
				FABFD88E2666960D00E6D3EA /* ContentView.swift in Sources */,
				FABFD88C2666960D00E6D3EA /* TrafficLightsUIApp.swift in Sources */,
				FABFD89B2666977300E6D3EA /* ColorCircle.swift in Sources */,
				FA5F5C10266A328B00D51CF3 /* ChangeColorButton.swift in Sources */,
			);
			runOnlyForDeploymentPostprocessing = 0;
		};
/* End PBXSourcesBuildPhase section */

/* Begin XCBuildConfiguration section */
		FABFD8952666960E00E6D3EA /* Debug */ = {
			isa = XCBuildConfiguration;
			buildSettings = {
				ALWAYS_SEARCH_USER_PATHS = NO;
				CLANG_ANALYZER_NONNULL = YES;
				CLANG_ANALYZER_NUMBER_OBJECT_CONVERSION = YES_AGGRESSIVE;
				CLANG_CXX_LANGUAGE_STANDARD = "gnu++14";
				CLANG_CXX_LIBRARY = "libc++";
				CLANG_ENABLE_MODULES = YES;
				CLANG_ENABLE_OBJC_ARC = YES;
				CLANG_ENABLE_OBJC_WEAK = YES;
				CLANG_WARN_BLOCK_CAPTURE_AUTORELEASING = YES;
				CLANG_WARN_BOOL_CONVERSION = YES;
				CLANG_WARN_COMMA = YES;
				CLANG_WARN_CONSTANT_CONVERSION = YES;
				CLANG_WARN_DEPRECATED_OBJC_IMPLEMENTATIONS = YES;
				CLANG_WARN_DIRECT_OBJC_ISA_USAGE = YES_ERROR;
				CLANG_WARN_DOCUMENTATION_COMMENTS = YES;
				CLANG_WARN_EMPTY_BODY = YES;
				CLANG_WARN_ENUM_CONVERSION = YES;
				CLANG_WARN_INFINITE_RECURSION = YES;
				CLANG_WARN_INT_CONVERSION = YES;
				CLANG_WARN_NON_LITERAL_NULL_CONVERSION = YES;
				CLANG_WARN_OBJC_IMPLICIT_RETAIN_SELF = YES;
				CLANG_WARN_OBJC_LITERAL_CONVERSION = YES;
				CLANG_WARN_OBJC_ROOT_CLASS = YES_ERROR;
				CLANG_WARN_QUOTED_INCLUDE_IN_FRAMEWORK_HEADER = YES;
				CLANG_WARN_RANGE_LOOP_ANALYSIS = YES;
				CLANG_WARN_STRICT_PROTOTYPES = YES;
				CLANG_WARN_SUSPICIOUS_MOVE = YES;
				CLANG_WARN_UNGUARDED_AVAILABILITY = YES_AGGRESSIVE;
				CLANG_WARN_UNREACHABLE_CODE = YES;
				CLANG_WARN__DUPLICATE_METHOD_MATCH = YES;
				COPY_PHASE_STRIP = NO;
				DEBUG_INFORMATION_FORMAT = dwarf;
				ENABLE_STRICT_OBJC_MSGSEND = YES;
				ENABLE_TESTABILITY = YES;
				GCC_C_LANGUAGE_STANDARD = gnu11;
				GCC_DYNAMIC_NO_PIC = NO;
				GCC_NO_COMMON_BLOCKS = YES;
				GCC_OPTIMIZATION_LEVEL = 0;
				GCC_PREPROCESSOR_DEFINITIONS = (
					"DEBUG=1",
					"$(inherited)",
				);
				GCC_WARN_64_TO_32_BIT_CONVERSION = YES;
				GCC_WARN_ABOUT_RETURN_TYPE = YES_ERROR;
				GCC_WARN_UNDECLARED_SELECTOR = YES;
				GCC_WARN_UNINITIALIZED_AUTOS = YES_AGGRESSIVE;
				GCC_WARN_UNUSED_FUNCTION = YES;
				GCC_WARN_UNUSED_VARIABLE = YES;
				IPHONEOS_DEPLOYMENT_TARGET = 14.5;
				MTL_ENABLE_DEBUG_INFO = INCLUDE_SOURCE;
				MTL_FAST_MATH = YES;
				ONLY_ACTIVE_ARCH = YES;
				SDKROOT = iphoneos;
				SWIFT_ACTIVE_COMPILATION_CONDITIONS = DEBUG;
				SWIFT_OPTIMIZATION_LEVEL = "-Onone";
			};
			name = Debug;
		};
		FABFD8962666960E00E6D3EA /* Release */ = {
			isa = XCBuildConfiguration;
			buildSettings = {
				ALWAYS_SEARCH_USER_PATHS = NO;
				CLANG_ANALYZER_NONNULL = YES;
				CLANG_ANALYZER_NUMBER_OBJECT_CONVERSION = YES_AGGRESSIVE;
				CLANG_CXX_LANGUAGE_STANDARD = "gnu++14";
				CLANG_CXX_LIBRARY = "libc++";
				CLANG_ENABLE_MODULES = YES;
				CLANG_ENABLE_OBJC_ARC = YES;
				CLANG_ENABLE_OBJC_WEAK = YES;
				CLANG_WARN_BLOCK_CAPTURE_AUTORELEASING = YES;
				CLANG_WARN_BOOL_CONVERSION = YES;
				CLANG_WARN_COMMA = YES;
				CLANG_WARN_CONSTANT_CONVERSION = YES;
				CLANG_WARN_DEPRECATED_OBJC_IMPLEMENTATIONS = YES;
				CLANG_WARN_DIRECT_OBJC_ISA_USAGE = YES_ERROR;
				CLANG_WARN_DOCUMENTATION_COMMENTS = YES;
				CLANG_WARN_EMPTY_BODY = YES;
				CLANG_WARN_ENUM_CONVERSION = YES;
				CLANG_WARN_INFINITE_RECURSION = YES;
				CLANG_WARN_INT_CONVERSION = YES;
				CLANG_WARN_NON_LITERAL_NULL_CONVERSION = YES;
				CLANG_WARN_OBJC_IMPLICIT_RETAIN_SELF = YES;
				CLANG_WARN_OBJC_LITERAL_CONVERSION = YES;
				CLANG_WARN_OBJC_ROOT_CLASS = YES_ERROR;
				CLANG_WARN_QUOTED_INCLUDE_IN_FRAMEWORK_HEADER = YES;
				CLANG_WARN_RANGE_LOOP_ANALYSIS = YES;
				CLANG_WARN_STRICT_PROTOTYPES = YES;
				CLANG_WARN_SUSPICIOUS_MOVE = YES;
				CLANG_WARN_UNGUARDED_AVAILABILITY = YES_AGGRESSIVE;
				CLANG_WARN_UNREACHABLE_CODE = YES;
				CLANG_WARN__DUPLICATE_METHOD_MATCH = YES;
				COPY_PHASE_STRIP = NO;
				DEBUG_INFORMATION_FORMAT = "dwarf-with-dsym";
				ENABLE_NS_ASSERTIONS = NO;
				ENABLE_STRICT_OBJC_MSGSEND = YES;
				GCC_C_LANGUAGE_STANDARD = gnu11;
				GCC_NO_COMMON_BLOCKS = YES;
				GCC_WARN_64_TO_32_BIT_CONVERSION = YES;
				GCC_WARN_ABOUT_RETURN_TYPE = YES_ERROR;
				GCC_WARN_UNDECLARED_SELECTOR = YES;
				GCC_WARN_UNINITIALIZED_AUTOS = YES_AGGRESSIVE;
				GCC_WARN_UNUSED_FUNCTION = YES;
				GCC_WARN_UNUSED_VARIABLE = YES;
				IPHONEOS_DEPLOYMENT_TARGET = 14.5;
				MTL_ENABLE_DEBUG_INFO = NO;
				MTL_FAST_MATH = YES;
				SDKROOT = iphoneos;
				SWIFT_COMPILATION_MODE = wholemodule;
				SWIFT_OPTIMIZATION_LEVEL = "-O";
				VALIDATE_PRODUCT = YES;
			};
			name = Release;
		};
		FABFD8982666960E00E6D3EA /* Debug */ = {
			isa = XCBuildConfiguration;
			buildSettings = {
				ASSETCATALOG_COMPILER_APPICON_NAME = AppIcon;
				ASSETCATALOG_COMPILER_GLOBAL_ACCENT_COLOR_NAME = AccentColor;
				CODE_SIGN_STYLE = Automatic;
				DEVELOPMENT_ASSET_PATHS = "\"TrafficLightsUI/Preview Content\"";
				ENABLE_PREVIEWS = YES;
				INFOPLIST_FILE = TrafficLightsUI/Info.plist;
				IPHONEOS_DEPLOYMENT_TARGET = 14.0;
				LD_RUNPATH_SEARCH_PATHS = (
					"$(inherited)",
					"@executable_path/Frameworks",
				);
				PRODUCT_BUNDLE_IDENTIFIER = "Nikita-Alekseev.TrafficLightsUI";
				PRODUCT_NAME = "$(TARGET_NAME)";
				SWIFT_VERSION = 5.0;
				TARGETED_DEVICE_FAMILY = "1,2";
			};
			name = Debug;
		};
		FABFD8992666960E00E6D3EA /* Release */ = {
			isa = XCBuildConfiguration;
			buildSettings = {
				ASSETCATALOG_COMPILER_APPICON_NAME = AppIcon;
				ASSETCATALOG_COMPILER_GLOBAL_ACCENT_COLOR_NAME = AccentColor;
				CODE_SIGN_STYLE = Automatic;
				DEVELOPMENT_ASSET_PATHS = "\"TrafficLightsUI/Preview Content\"";
				ENABLE_PREVIEWS = YES;
				INFOPLIST_FILE = TrafficLightsUI/Info.plist;
				IPHONEOS_DEPLOYMENT_TARGET = 14.0;
				LD_RUNPATH_SEARCH_PATHS = (
					"$(inherited)",
					"@executable_path/Frameworks",
				);
				PRODUCT_BUNDLE_IDENTIFIER = "Nikita-Alekseev.TrafficLightsUI";
				PRODUCT_NAME = "$(TARGET_NAME)";
				SWIFT_VERSION = 5.0;
				TARGETED_DEVICE_FAMILY = "1,2";
			};
			name = Release;
		};
/* End XCBuildConfiguration section */

/* Begin XCConfigurationList section */
		FABFD8832666960D00E6D3EA /* Build configuration list for PBXProject "TrafficLightsUI" */ = {
			isa = XCConfigurationList;
			buildConfigurations = (
				FABFD8952666960E00E6D3EA /* Debug */,
				FABFD8962666960E00E6D3EA /* Release */,
			);
			defaultConfigurationIsVisible = 0;
			defaultConfigurationName = Release;
		};
		FABFD8972666960E00E6D3EA /* Build configuration list for PBXNativeTarget "TrafficLightsUI" */ = {
			isa = XCConfigurationList;
			buildConfigurations = (
				FABFD8982666960E00E6D3EA /* Debug */,
				FABFD8992666960E00E6D3EA /* Release */,
			);
			defaultConfigurationIsVisible = 0;
			defaultConfigurationName = Release;
		};
/* End XCConfigurationList section */
	};
	rootObject = FABFD8802666960D00E6D3EA /* Project object */;
}
